
Microsoft Visual Studio Solution File, Format Version 12.00
# Visual Studio 15
VisualStudioVersion = 15.0.26403.7
MinimumVisualStudioVersion = 10.0.40219.1
Project("{2150E333-8FDC-42A3-9474-1A3956D46DE8}") = "Testing", "Testing", "{589E9A14-BBFA-4BEF-8E57-7AD06629C98A}"
EndProject
Project("{FAE04EC0-301F-11D3-BF4B-00C04F79EFBC}") = "NUnitSampleApp", "Testing\NUnitSampleApp\NUnitSampleApp.csproj", "{08538490-6894-4FE9-B73F-9BC5807CA95D}"
EndProject
Project("{FAE04EC0-301F-11D3-BF4B-00C04F79EFBC}") = "Common", "Common\Common.csproj", "{7F9AA3A0-FE98-4168-BF6D-73766AC4FA6F}"
EndProject
Global
	GlobalSection(SolutionConfigurationPlatforms) = preSolution
		Debug|Any CPU = Debug|Any CPU
		Release|Any CPU = Release|Any CPU
	EndGlobalSection
	GlobalSection(ProjectConfigurationPlatforms) = postSolution
		{08538490-6894-4FE9-B73F-9BC5807CA95D}.Debug|Any CPU.ActiveCfg = Debug|Any CPU
		{08538490-6894-4FE9-B73F-9BC5807CA95D}.Debug|Any CPU.Build.0 = Debug|Any CPU
		{08538490-6894-4FE9-B73F-9BC5807CA95D}.Release|Any CPU.ActiveCfg = Release|Any CPU
		{08538490-6894-4FE9-B73F-9BC5807CA95D}.Release|Any CPU.Build.0 = Release|Any CPU
		{7F9AA3A0-FE98-4168-BF6D-73766AC4FA6F}.Debug|Any CPU.ActiveCfg = Debug|Any CPU
		{7F9AA3A0-FE98-4168-BF6D-73766AC4FA6F}.Debug|Any CPU.Build.0 = Debug|Any CPU
		{7F9AA3A0-FE98-4168-BF6D-73766AC4FA6F}.Release|Any CPU.ActiveCfg = Release|Any CPU
		{7F9AA3A0-FE98-4168-BF6D-73766AC4FA6F}.Release|Any CPU.Build.0 = Release|Any CPU
	EndGlobalSection
	GlobalSection(SolutionProperties) = preSolution
		HideSolutionNode = FALSE
	EndGlobalSection
	GlobalSection(NestedProjects) = preSolution
		{08538490-6894-4FE9-B73F-9BC5807CA95D} = {589E9A14-BBFA-4BEF-8E57-7AD06629C98A}
	EndGlobalSection
EndGlobal
